// !$*UTF8*$!
{
	archiveVersion = 1;
	classes = {
	};
	objectVersion = 51;
	objects = {

/* Begin PBXBuildFile section */
		1709999A24017B8100B5B613 /* AppDelegate.swift in Sources */ = {isa = PBXBuildFile; fileRef = 1709999924017B8100B5B613 /* AppDelegate.swift */; };
		1709999C24017B8100B5B613 /* SceneDelegate.swift in Sources */ = {isa = PBXBuildFile; fileRef = 1709999B24017B8100B5B613 /* SceneDelegate.swift */; };
		170999A324017B8100B5B613 /* Assets.xcassets in Resources */ = {isa = PBXBuildFile; fileRef = 170999A224017B8100B5B613 /* Assets.xcassets */; };
		170999A624017B8100B5B613 /* LaunchScreen.storyboard in Resources */ = {isa = PBXBuildFile; fileRef = 170999A424017B8100B5B613 /* LaunchScreen.storyboard */; };
		170999B124017B8100B5B613 /* ExcerciseStarWarsTests.swift in Sources */ = {isa = PBXBuildFile; fileRef = 170999B024017B8100B5B613 /* ExcerciseStarWarsTests.swift */; };
		178A680D2402FC3D003CE234 /* Main.storyboard in Resources */ = {isa = PBXBuildFile; fileRef = 178A680C2402FC3D003CE234 /* Main.storyboard */; };
		178A68102402FCBA003CE234 /* Coordinator.swift in Sources */ = {isa = PBXBuildFile; fileRef = 178A680F2402FCBA003CE234 /* Coordinator.swift */; };
		178A68122402FD35003CE234 /* InitialLoaderViewController.swift in Sources */ = {isa = PBXBuildFile; fileRef = 178A68112402FD35003CE234 /* InitialLoaderViewController.swift */; };
		178A6817240303C3003CE234 /* MainCoordinator.swift in Sources */ = {isa = PBXBuildFile; fileRef = 178A6816240303C3003CE234 /* MainCoordinator.swift */; };
		178A681A2403080D003CE234 /* InitialLoaderProtocol.swift in Sources */ = {isa = PBXBuildFile; fileRef = 178A68192403080D003CE234 /* InitialLoaderProtocol.swift */; };
		178A681C24030921003CE234 /* InitialLoaderViewModel.swift in Sources */ = {isa = PBXBuildFile; fileRef = 178A681B24030921003CE234 /* InitialLoaderViewModel.swift */; };
		1793077124034DBC00AB5E82 /* CharacterRepository.swift in Sources */ = {isa = PBXBuildFile; fileRef = 1793077024034DBC00AB5E82 /* CharacterRepository.swift */; };
		17B1335924030B35004A7543 /* Network.swift in Sources */ = {isa = PBXBuildFile; fileRef = 17B1335824030B35004A7543 /* Network.swift */; };
		17B1335B24030D09004A7543 /* Repository.swift in Sources */ = {isa = PBXBuildFile; fileRef = 17B1335A24030D09004A7543 /* Repository.swift */; };
		17B1335D24030DE9004A7543 /* Storyboarded.swift in Sources */ = {isa = PBXBuildFile; fileRef = 17B1335C24030DE9004A7543 /* Storyboarded.swift */; };
		17B1336124030FDE004A7543 /* ListFilms.swift in Sources */ = {isa = PBXBuildFile; fileRef = 17B1336024030FDE004A7543 /* ListFilms.swift */; };
		17B1336424031002004A7543 /* Film.swift in Sources */ = {isa = PBXBuildFile; fileRef = 17B1336324031002004A7543 /* Film.swift */; };
		17B1336924031784004A7543 /* FilmRepository.swift in Sources */ = {isa = PBXBuildFile; fileRef = 17B1336824031784004A7543 /* FilmRepository.swift */; };
		17B1336B24031ADF004A7543 /* Constants.swift in Sources */ = {isa = PBXBuildFile; fileRef = 17B1336A24031ADF004A7543 /* Constants.swift */; };
		17B1336D24032E1B004A7543 /* Character.swift in Sources */ = {isa = PBXBuildFile; fileRef = 17B1336C24032E1B004A7543 /* Character.swift */; };
		CA7298C5B553A332413E977A /* Pods_ExcerciseStarWars.framework in Frameworks */ = {isa = PBXBuildFile; fileRef = 14F064E1B5E64CF09514D15B /* Pods_ExcerciseStarWars.framework */; };
		DF02504B12AE27DC626FBBEA /* Pods_ExcerciseStarWarsTests.framework in Frameworks */ = {isa = PBXBuildFile; fileRef = 0C0506311116667684B306B4 /* Pods_ExcerciseStarWarsTests.framework */; };
/* End PBXBuildFile section */

/* Begin PBXContainerItemProxy section */
		170999AD24017B8100B5B613 /* PBXContainerItemProxy */ = {
			isa = PBXContainerItemProxy;
			containerPortal = 1709998E24017B8100B5B613 /* Project object */;
			proxyType = 1;
			remoteGlobalIDString = 1709999524017B8100B5B613;
			remoteInfo = ExcerciseStarWars;
		};
/* End PBXContainerItemProxy section */

/* Begin PBXFileReference section */
		0C0506311116667684B306B4 /* Pods_ExcerciseStarWarsTests.framework */ = {isa = PBXFileReference; explicitFileType = wrapper.framework; includeInIndex = 0; path = Pods_ExcerciseStarWarsTests.framework; sourceTree = BUILT_PRODUCTS_DIR; };
		14F064E1B5E64CF09514D15B /* Pods_ExcerciseStarWars.framework */ = {isa = PBXFileReference; explicitFileType = wrapper.framework; includeInIndex = 0; path = Pods_ExcerciseStarWars.framework; sourceTree = BUILT_PRODUCTS_DIR; };
		1709999624017B8100B5B613 /* ExcerciseStarWars.app */ = {isa = PBXFileReference; explicitFileType = wrapper.application; includeInIndex = 0; path = ExcerciseStarWars.app; sourceTree = BUILT_PRODUCTS_DIR; };
		1709999924017B8100B5B613 /* AppDelegate.swift */ = {isa = PBXFileReference; lastKnownFileType = sourcecode.swift; path = AppDelegate.swift; sourceTree = "<group>"; };
		1709999B24017B8100B5B613 /* SceneDelegate.swift */ = {isa = PBXFileReference; lastKnownFileType = sourcecode.swift; path = SceneDelegate.swift; sourceTree = "<group>"; };
		170999A224017B8100B5B613 /* Assets.xcassets */ = {isa = PBXFileReference; lastKnownFileType = folder.assetcatalog; path = Assets.xcassets; sourceTree = "<group>"; };
		170999A524017B8100B5B613 /* Base */ = {isa = PBXFileReference; lastKnownFileType = file.storyboard; name = Base; path = Base.lproj/LaunchScreen.storyboard; sourceTree = "<group>"; };
		170999A724017B8100B5B613 /* Info.plist */ = {isa = PBXFileReference; lastKnownFileType = text.plist.xml; path = Info.plist; sourceTree = "<group>"; };
		170999AC24017B8100B5B613 /* ExcerciseStarWarsTests.xctest */ = {isa = PBXFileReference; explicitFileType = wrapper.cfbundle; includeInIndex = 0; path = ExcerciseStarWarsTests.xctest; sourceTree = BUILT_PRODUCTS_DIR; };
		170999B024017B8100B5B613 /* ExcerciseStarWarsTests.swift */ = {isa = PBXFileReference; lastKnownFileType = sourcecode.swift; path = ExcerciseStarWarsTests.swift; sourceTree = "<group>"; };
		170999B224017B8100B5B613 /* Info.plist */ = {isa = PBXFileReference; lastKnownFileType = text.plist.xml; path = Info.plist; sourceTree = "<group>"; };
		178A680C2402FC3D003CE234 /* Main.storyboard */ = {isa = PBXFileReference; lastKnownFileType = file.storyboard; path = Main.storyboard; sourceTree = "<group>"; };
		178A680F2402FCBA003CE234 /* Coordinator.swift */ = {isa = PBXFileReference; lastKnownFileType = sourcecode.swift; path = Coordinator.swift; sourceTree = "<group>"; };
		178A68112402FD35003CE234 /* InitialLoaderViewController.swift */ = {isa = PBXFileReference; lastKnownFileType = sourcecode.swift; path = InitialLoaderViewController.swift; sourceTree = "<group>"; };
		178A6816240303C3003CE234 /* MainCoordinator.swift */ = {isa = PBXFileReference; lastKnownFileType = sourcecode.swift; path = MainCoordinator.swift; sourceTree = "<group>"; };
		178A68192403080D003CE234 /* InitialLoaderProtocol.swift */ = {isa = PBXFileReference; lastKnownFileType = sourcecode.swift; path = InitialLoaderProtocol.swift; sourceTree = "<group>"; };
		178A681B24030921003CE234 /* InitialLoaderViewModel.swift */ = {isa = PBXFileReference; lastKnownFileType = sourcecode.swift; path = InitialLoaderViewModel.swift; sourceTree = "<group>"; };
		1793077024034DBC00AB5E82 /* CharacterRepository.swift */ = {isa = PBXFileReference; lastKnownFileType = sourcecode.swift; path = CharacterRepository.swift; sourceTree = "<group>"; };
		17B1335824030B35004A7543 /* Network.swift */ = {isa = PBXFileReference; lastKnownFileType = sourcecode.swift; path = Network.swift; sourceTree = "<group>"; };
		17B1335A24030D09004A7543 /* Repository.swift */ = {isa = PBXFileReference; lastKnownFileType = sourcecode.swift; path = Repository.swift; sourceTree = "<group>"; };
		17B1335C24030DE9004A7543 /* Storyboarded.swift */ = {isa = PBXFileReference; lastKnownFileType = sourcecode.swift; path = Storyboarded.swift; sourceTree = "<group>"; };
		17B1336024030FDE004A7543 /* ListFilms.swift */ = {isa = PBXFileReference; lastKnownFileType = sourcecode.swift; path = ListFilms.swift; sourceTree = "<group>"; };
		17B1336324031002004A7543 /* Film.swift */ = {isa = PBXFileReference; lastKnownFileType = sourcecode.swift; path = Film.swift; sourceTree = "<group>"; };
		17B1336824031784004A7543 /* FilmRepository.swift */ = {isa = PBXFileReference; lastKnownFileType = sourcecode.swift; path = FilmRepository.swift; sourceTree = "<group>"; };
		17B1336A24031ADF004A7543 /* Constants.swift */ = {isa = PBXFileReference; lastKnownFileType = sourcecode.swift; path = Constants.swift; sourceTree = "<group>"; };
		17B1336C24032E1B004A7543 /* Character.swift */ = {isa = PBXFileReference; lastKnownFileType = sourcecode.swift; path = Character.swift; sourceTree = "<group>"; };
		63BCC4CABDE038DBA0ED0EF4 /* Pods-ExcerciseStarWars.release.xcconfig */ = {isa = PBXFileReference; includeInIndex = 1; lastKnownFileType = text.xcconfig; name = "Pods-ExcerciseStarWars.release.xcconfig"; path = "Target Support Files/Pods-ExcerciseStarWars/Pods-ExcerciseStarWars.release.xcconfig"; sourceTree = "<group>"; };
		9BD53A449490A46B2F69A878 /* Pods-ExcerciseStarWars.debug.xcconfig */ = {isa = PBXFileReference; includeInIndex = 1; lastKnownFileType = text.xcconfig; name = "Pods-ExcerciseStarWars.debug.xcconfig"; path = "Target Support Files/Pods-ExcerciseStarWars/Pods-ExcerciseStarWars.debug.xcconfig"; sourceTree = "<group>"; };
		A95485B61295C8EC92693CAC /* Pods-ExcerciseStarWarsTests.debug.xcconfig */ = {isa = PBXFileReference; includeInIndex = 1; lastKnownFileType = text.xcconfig; name = "Pods-ExcerciseStarWarsTests.debug.xcconfig"; path = "Target Support Files/Pods-ExcerciseStarWarsTests/Pods-ExcerciseStarWarsTests.debug.xcconfig"; sourceTree = "<group>"; };
		C7A2A69878BB75DCE04B5955 /* Pods-ExcerciseStarWarsTests.release.xcconfig */ = {isa = PBXFileReference; includeInIndex = 1; lastKnownFileType = text.xcconfig; name = "Pods-ExcerciseStarWarsTests.release.xcconfig"; path = "Target Support Files/Pods-ExcerciseStarWarsTests/Pods-ExcerciseStarWarsTests.release.xcconfig"; sourceTree = "<group>"; };
/* End PBXFileReference section */

/* Begin PBXFrameworksBuildPhase section */
		1709999324017B8100B5B613 /* Frameworks */ = {
			isa = PBXFrameworksBuildPhase;
			buildActionMask = 2147483647;
			files = (
				CA7298C5B553A332413E977A /* Pods_ExcerciseStarWars.framework in Frameworks */,
			);
			runOnlyForDeploymentPostprocessing = 0;
		};
		170999A924017B8100B5B613 /* Frameworks */ = {
			isa = PBXFrameworksBuildPhase;
			buildActionMask = 2147483647;
			files = (
				DF02504B12AE27DC626FBBEA /* Pods_ExcerciseStarWarsTests.framework in Frameworks */,
			);
			runOnlyForDeploymentPostprocessing = 0;
		};
/* End PBXFrameworksBuildPhase section */

/* Begin PBXGroup section */
		1709998D24017B8100B5B613 = {
			isa = PBXGroup;
			children = (
				1709999824017B8100B5B613 /* ExcerciseStarWars */,
				170999AF24017B8100B5B613 /* ExcerciseStarWarsTests */,
				1709999724017B8100B5B613 /* Products */,
				E3A6A05D991F60A1A6D63859 /* Pods */,
				B1E34B9D7656AB89CF2D10DC /* Frameworks */,
			);
			sourceTree = "<group>";
		};
		1709999724017B8100B5B613 /* Products */ = {
			isa = PBXGroup;
			children = (
				1709999624017B8100B5B613 /* ExcerciseStarWars.app */,
				170999AC24017B8100B5B613 /* ExcerciseStarWarsTests.xctest */,
			);
			name = Products;
			sourceTree = "<group>";
		};
		1709999824017B8100B5B613 /* ExcerciseStarWars */ = {
			isa = PBXGroup;
			children = (
				179307722403548D00AB5E82 /* Modules */,
				17B1335E24030FC4004A7543 /* Entity */,
				17B1335624030AAF004A7543 /* Network */,
				178A680E2402FC99003CE234 /* Common */,
				179FAB1924017BEF000D965E /* Resources */,
			);
			path = ExcerciseStarWars;
			sourceTree = "<group>";
		};
		170999AF24017B8100B5B613 /* ExcerciseStarWarsTests */ = {
			isa = PBXGroup;
			children = (
				170999B024017B8100B5B613 /* ExcerciseStarWarsTests.swift */,
				170999B224017B8100B5B613 /* Info.plist */,
			);
			path = ExcerciseStarWarsTests;
			sourceTree = "<group>";
		};
		178A68092402FBBA003CE234 /* InitialLoader */ = {
			isa = PBXGroup;
			children = (
				178A6818240307E7003CE234 /* Contract */,
				178A680B2402FC20003CE234 /* ViewModel */,
				178A680A2402FC14003CE234 /* View */,
			);
			path = InitialLoader;
			sourceTree = "<group>";
		};
		178A680A2402FC14003CE234 /* View */ = {
			isa = PBXGroup;
			children = (
				178A680C2402FC3D003CE234 /* Main.storyboard */,
				178A68112402FD35003CE234 /* InitialLoaderViewController.swift */,
			);
			path = View;
			sourceTree = "<group>";
		};
		178A680B2402FC20003CE234 /* ViewModel */ = {
			isa = PBXGroup;
			children = (
				178A681B24030921003CE234 /* InitialLoaderViewModel.swift */,
			);
			path = ViewModel;
			sourceTree = "<group>";
		};
		178A680E2402FC99003CE234 /* Common */ = {
			isa = PBXGroup;
			children = (
				178A6816240303C3003CE234 /* MainCoordinator.swift */,
				17B1336A24031ADF004A7543 /* Constants.swift */,
				178A681324030094003CE234 /* Protocols */,
			);
			path = Common;
			sourceTree = "<group>";
		};
		178A681324030094003CE234 /* Protocols */ = {
			isa = PBXGroup;
			children = (
				178A680F2402FCBA003CE234 /* Coordinator.swift */,
				17B1335C24030DE9004A7543 /* Storyboarded.swift */,
			);
			path = Protocols;
			sourceTree = "<group>";
		};
		178A6818240307E7003CE234 /* Contract */ = {
			isa = PBXGroup;
			children = (
				178A68192403080D003CE234 /* InitialLoaderProtocol.swift */,
			);
			path = Contract;
			sourceTree = "<group>";
		};
		179307722403548D00AB5E82 /* Modules */ = {
			isa = PBXGroup;
			children = (
				178A68092402FBBA003CE234 /* InitialLoader */,
			);
			path = Modules;
			sourceTree = "<group>";
		};
		179FAB1924017BEF000D965E /* Resources */ = {
			isa = PBXGroup;
			children = (
				170999A724017B8100B5B613 /* Info.plist */,
				170999A224017B8100B5B613 /* Assets.xcassets */,
				1709999924017B8100B5B613 /* AppDelegate.swift */,
				1709999B24017B8100B5B613 /* SceneDelegate.swift */,
				170999A424017B8100B5B613 /* LaunchScreen.storyboard */,
			);
			path = Resources;
			sourceTree = "<group>";
		};
		17B1335624030AAF004A7543 /* Network */ = {
			isa = PBXGroup;
			children = (
				17B1335824030B35004A7543 /* Network.swift */,
			);
			path = Network;
			sourceTree = "<group>";
		};
		17B1335E24030FC4004A7543 /* Entity */ = {
			isa = PBXGroup;
			children = (
				17B1336724031752004A7543 /* Repository */,
				17B1336024030FDE004A7543 /* ListFilms.swift */,
				17B1336324031002004A7543 /* Film.swift */,
				17B1336C24032E1B004A7543 /* Character.swift */,
			);
			path = Entity;
			sourceTree = "<group>";
		};
		17B1336724031752004A7543 /* Repository */ = {
			isa = PBXGroup;
			children = (
				17B1335A24030D09004A7543 /* Repository.swift */,
				17B1336824031784004A7543 /* FilmRepository.swift */,
				1793077024034DBC00AB5E82 /* CharacterRepository.swift */,
			);
			path = Repository;
			sourceTree = "<group>";
		};
		B1E34B9D7656AB89CF2D10DC /* Frameworks */ = {
			isa = PBXGroup;
			children = (
				14F064E1B5E64CF09514D15B /* Pods_ExcerciseStarWars.framework */,
				0C0506311116667684B306B4 /* Pods_ExcerciseStarWarsTests.framework */,
			);
			name = Frameworks;
			sourceTree = "<group>";
		};
		E3A6A05D991F60A1A6D63859 /* Pods */ = {
			isa = PBXGroup;
			children = (
				9BD53A449490A46B2F69A878 /* Pods-ExcerciseStarWars.debug.xcconfig */,
				63BCC4CABDE038DBA0ED0EF4 /* Pods-ExcerciseStarWars.release.xcconfig */,
				A95485B61295C8EC92693CAC /* Pods-ExcerciseStarWarsTests.debug.xcconfig */,
				C7A2A69878BB75DCE04B5955 /* Pods-ExcerciseStarWarsTests.release.xcconfig */,
			);
			path = Pods;
			sourceTree = "<group>";
		};
/* End PBXGroup section */

/* Begin PBXNativeTarget section */
		1709999524017B8100B5B613 /* ExcerciseStarWars */ = {
			isa = PBXNativeTarget;
			buildConfigurationList = 170999B524017B8100B5B613 /* Build configuration list for PBXNativeTarget "ExcerciseStarWars" */;
			buildPhases = (
				E89ED9F3F3C1F0C941D12AEF /* [CP] Check Pods Manifest.lock */,
				1709999224017B8100B5B613 /* Sources */,
				1709999324017B8100B5B613 /* Frameworks */,
				1709999424017B8100B5B613 /* Resources */,
				11783FC3C3791B09C7D39F53 /* [CP] Embed Pods Frameworks */,
			);
			buildRules = (
			);
			dependencies = (
			);
			name = ExcerciseStarWars;
			productName = ExcerciseStarWars;
			productReference = 1709999624017B8100B5B613 /* ExcerciseStarWars.app */;
			productType = "com.apple.product-type.application";
		};
		170999AB24017B8100B5B613 /* ExcerciseStarWarsTests */ = {
			isa = PBXNativeTarget;
			buildConfigurationList = 170999B824017B8100B5B613 /* Build configuration list for PBXNativeTarget "ExcerciseStarWarsTests" */;
			buildPhases = (
				4AD21576AC000A44A968E576 /* [CP] Check Pods Manifest.lock */,
				170999A824017B8100B5B613 /* Sources */,
				170999A924017B8100B5B613 /* Frameworks */,
				170999AA24017B8100B5B613 /* Resources */,
			);
			buildRules = (
			);
			dependencies = (
				170999AE24017B8100B5B613 /* PBXTargetDependency */,
			);
			name = ExcerciseStarWarsTests;
			productName = ExcerciseStarWarsTests;
			productReference = 170999AC24017B8100B5B613 /* ExcerciseStarWarsTests.xctest */;
			productType = "com.apple.product-type.bundle.unit-test";
		};
/* End PBXNativeTarget section */

/* Begin PBXProject section */
		1709998E24017B8100B5B613 /* Project object */ = {
			isa = PBXProject;
			attributes = {
				LastSwiftUpdateCheck = 1100;
				LastUpgradeCheck = 1100;
				ORGANIZATIONNAME = "Ivan Erwin Lopez Ansaldo";
				TargetAttributes = {
					1709999524017B8100B5B613 = {
						CreatedOnToolsVersion = 11.0;
					};
					170999AB24017B8100B5B613 = {
						CreatedOnToolsVersion = 11.0;
						TestTargetID = 1709999524017B8100B5B613;
					};
				};
			};
			buildConfigurationList = 1709999124017B8100B5B613 /* Build configuration list for PBXProject "ExcerciseStarWars" */;
			compatibilityVersion = "Xcode 9.3";
			developmentRegion = en;
			hasScannedForEncodings = 0;
			knownRegions = (
				en,
				Base,
			);
			mainGroup = 1709998D24017B8100B5B613;
			productRefGroup = 1709999724017B8100B5B613 /* Products */;
			projectDirPath = "";
			projectRoot = "";
			targets = (
				1709999524017B8100B5B613 /* ExcerciseStarWars */,
				170999AB24017B8100B5B613 /* ExcerciseStarWarsTests */,
			);
		};
/* End PBXProject section */

/* Begin PBXResourcesBuildPhase section */
		1709999424017B8100B5B613 /* Resources */ = {
			isa = PBXResourcesBuildPhase;
			buildActionMask = 2147483647;
			files = (
				170999A624017B8100B5B613 /* LaunchScreen.storyboard in Resources */,
				178A680D2402FC3D003CE234 /* Main.storyboard in Resources */,
				170999A324017B8100B5B613 /* Assets.xcassets in Resources */,
			);
			runOnlyForDeploymentPostprocessing = 0;
		};
		170999AA24017B8100B5B613 /* Resources */ = {
			isa = PBXResourcesBuildPhase;
			buildActionMask = 2147483647;
			files = (
			);
			runOnlyForDeploymentPostprocessing = 0;
		};
/* End PBXResourcesBuildPhase section */

/* Begin PBXShellScriptBuildPhase section */
		11783FC3C3791B09C7D39F53 /* [CP] Embed Pods Frameworks */ = {
			isa = PBXShellScriptBuildPhase;
			buildActionMask = 2147483647;
			files = (
			);
			inputFileListPaths = (
				"${PODS_ROOT}/Target Support Files/Pods-ExcerciseStarWars/Pods-ExcerciseStarWars-frameworks-${CONFIGURATION}-input-files.xcfilelist",
			);
			name = "[CP] Embed Pods Frameworks";
			outputFileListPaths = (
				"${PODS_ROOT}/Target Support Files/Pods-ExcerciseStarWars/Pods-ExcerciseStarWars-frameworks-${CONFIGURATION}-output-files.xcfilelist",
			);
			runOnlyForDeploymentPostprocessing = 0;
			shellPath = /bin/sh;
			shellScript = "\"${PODS_ROOT}/Target Support Files/Pods-ExcerciseStarWars/Pods-ExcerciseStarWars-frameworks.sh\"\n";
			showEnvVarsInLog = 0;
		};
		4AD21576AC000A44A968E576 /* [CP] Check Pods Manifest.lock */ = {
			isa = PBXShellScriptBuildPhase;
			buildActionMask = 2147483647;
			files = (
			);
			inputFileListPaths = (
			);
			inputPaths = (
				"${PODS_PODFILE_DIR_PATH}/Podfile.lock",
				"${PODS_ROOT}/Manifest.lock",
			);
			name = "[CP] Check Pods Manifest.lock";
			outputFileListPaths = (
			);
			outputPaths = (
				"$(DERIVED_FILE_DIR)/Pods-ExcerciseStarWarsTests-checkManifestLockResult.txt",
			);
			runOnlyForDeploymentPostprocessing = 0;
			shellPath = /bin/sh;
			shellScript = "diff \"${PODS_PODFILE_DIR_PATH}/Podfile.lock\" \"${PODS_ROOT}/Manifest.lock\" > /dev/null\nif [ $? != 0 ] ; then\n    # print error to STDERR\n    echo \"error: The sandbox is not in sync with the Podfile.lock. Run 'pod install' or update your CocoaPods installation.\" >&2\n    exit 1\nfi\n# This output is used by Xcode 'outputs' to avoid re-running this script phase.\necho \"SUCCESS\" > \"${SCRIPT_OUTPUT_FILE_0}\"\n";
			showEnvVarsInLog = 0;
		};
		E89ED9F3F3C1F0C941D12AEF /* [CP] Check Pods Manifest.lock */ = {
			isa = PBXShellScriptBuildPhase;
			buildActionMask = 2147483647;
			files = (
			);
			inputFileListPaths = (
			);
			inputPaths = (
				"${PODS_PODFILE_DIR_PATH}/Podfile.lock",
				"${PODS_ROOT}/Manifest.lock",
			);
			name = "[CP] Check Pods Manifest.lock";
			outputFileListPaths = (
			);
			outputPaths = (
				"$(DERIVED_FILE_DIR)/Pods-ExcerciseStarWars-checkManifestLockResult.txt",
			);
			runOnlyForDeploymentPostprocessing = 0;
			shellPath = /bin/sh;
			shellScript = "diff \"${PODS_PODFILE_DIR_PATH}/Podfile.lock\" \"${PODS_ROOT}/Manifest.lock\" > /dev/null\nif [ $? != 0 ] ; then\n    # print error to STDERR\n    echo \"error: The sandbox is not in sync with the Podfile.lock. Run 'pod install' or update your CocoaPods installation.\" >&2\n    exit 1\nfi\n# This output is used by Xcode 'outputs' to avoid re-running this script phase.\necho \"SUCCESS\" > \"${SCRIPT_OUTPUT_FILE_0}\"\n";
			showEnvVarsInLog = 0;
		};
/* End PBXShellScriptBuildPhase section */

/* Begin PBXSourcesBuildPhase section */
		1709999224017B8100B5B613 /* Sources */ = {
			isa = PBXSourcesBuildPhase;
			buildActionMask = 2147483647;
			files = (
				178A681C24030921003CE234 /* InitialLoaderViewModel.swift in Sources */,
				17B1336924031784004A7543 /* FilmRepository.swift in Sources */,
				17B1336424031002004A7543 /* Film.swift in Sources */,
				178A681A2403080D003CE234 /* InitialLoaderProtocol.swift in Sources */,
				17B1336B24031ADF004A7543 /* Constants.swift in Sources */,
				17B1335924030B35004A7543 /* Network.swift in Sources */,
				17B1336D24032E1B004A7543 /* Character.swift in Sources */,
				178A6817240303C3003CE234 /* MainCoordinator.swift in Sources */,
				1709999A24017B8100B5B613 /* AppDelegate.swift in Sources */,
				1709999C24017B8100B5B613 /* SceneDelegate.swift in Sources */,
				178A68102402FCBA003CE234 /* Coordinator.swift in Sources */,
				17B1335D24030DE9004A7543 /* Storyboarded.swift in Sources */,
				178A68122402FD35003CE234 /* InitialLoaderViewController.swift in Sources */,
				1793077124034DBC00AB5E82 /* CharacterRepository.swift in Sources */,
				17B1336124030FDE004A7543 /* ListFilms.swift in Sources */,
				17B1335B24030D09004A7543 /* Repository.swift in Sources */,
			);
			runOnlyForDeploymentPostprocessing = 0;
		};
		170999A824017B8100B5B613 /* Sources */ = {
			isa = PBXSourcesBuildPhase;
			buildActionMask = 2147483647;
			files = (
				170999B124017B8100B5B613 /* ExcerciseStarWarsTests.swift in Sources */,
			);
			runOnlyForDeploymentPostprocessing = 0;
		};
/* End PBXSourcesBuildPhase section */

/* Begin PBXTargetDependency section */
		170999AE24017B8100B5B613 /* PBXTargetDependency */ = {
			isa = PBXTargetDependency;
			target = 1709999524017B8100B5B613 /* ExcerciseStarWars */;
			targetProxy = 170999AD24017B8100B5B613 /* PBXContainerItemProxy */;
		};
/* End PBXTargetDependency section */

/* Begin PBXVariantGroup section */
		170999A424017B8100B5B613 /* LaunchScreen.storyboard */ = {
			isa = PBXVariantGroup;
			children = (
				170999A524017B8100B5B613 /* Base */,
			);
			name = LaunchScreen.storyboard;
			sourceTree = "<group>";
		};
/* End PBXVariantGroup section */

/* Begin XCBuildConfiguration section */
		170999B324017B8100B5B613 /* Debug */ = {
			isa = XCBuildConfiguration;
			buildSettings = {
				ALWAYS_SEARCH_USER_PATHS = NO;
				CLANG_ANALYZER_NONNULL = YES;
				CLANG_ANALYZER_NUMBER_OBJECT_CONVERSION = YES_AGGRESSIVE;
				CLANG_CXX_LANGUAGE_STANDARD = "gnu++14";
				CLANG_CXX_LIBRARY = "libc++";
				CLANG_ENABLE_MODULES = YES;
				CLANG_ENABLE_OBJC_ARC = YES;
				CLANG_ENABLE_OBJC_WEAK = YES;
				CLANG_WARN_BLOCK_CAPTURE_AUTORELEASING = YES;
				CLANG_WARN_BOOL_CONVERSION = YES;
				CLANG_WARN_COMMA = YES;
				CLANG_WARN_CONSTANT_CONVERSION = YES;
				CLANG_WARN_DEPRECATED_OBJC_IMPLEMENTATIONS = YES;
				CLANG_WARN_DIRECT_OBJC_ISA_USAGE = YES_ERROR;
				CLANG_WARN_DOCUMENTATION_COMMENTS = YES;
				CLANG_WARN_EMPTY_BODY = YES;
				CLANG_WARN_ENUM_CONVERSION = YES;
				CLANG_WARN_INFINITE_RECURSION = YES;
				CLANG_WARN_INT_CONVERSION = YES;
				CLANG_WARN_NON_LITERAL_NULL_CONVERSION = YES;
				CLANG_WARN_OBJC_IMPLICIT_RETAIN_SELF = YES;
				CLANG_WARN_OBJC_LITERAL_CONVERSION = YES;
				CLANG_WARN_OBJC_ROOT_CLASS = YES_ERROR;
				CLANG_WARN_RANGE_LOOP_ANALYSIS = YES;
				CLANG_WARN_STRICT_PROTOTYPES = YES;
				CLANG_WARN_SUSPICIOUS_MOVE = YES;
				CLANG_WARN_UNGUARDED_AVAILABILITY = YES_AGGRESSIVE;
				CLANG_WARN_UNREACHABLE_CODE = YES;
				CLANG_WARN__DUPLICATE_METHOD_MATCH = YES;
				COPY_PHASE_STRIP = NO;
				DEBUG_INFORMATION_FORMAT = dwarf;
				ENABLE_STRICT_OBJC_MSGSEND = YES;
				ENABLE_TESTABILITY = YES;
				GCC_C_LANGUAGE_STANDARD = gnu11;
				GCC_DYNAMIC_NO_PIC = NO;
				GCC_NO_COMMON_BLOCKS = YES;
				GCC_OPTIMIZATION_LEVEL = 0;
				GCC_PREPROCESSOR_DEFINITIONS = (
					"DEBUG=1",
					"$(inherited)",
				);
				GCC_WARN_64_TO_32_BIT_CONVERSION = YES;
				GCC_WARN_ABOUT_RETURN_TYPE = YES_ERROR;
				GCC_WARN_UNDECLARED_SELECTOR = YES;
				GCC_WARN_UNINITIALIZED_AUTOS = YES_AGGRESSIVE;
				GCC_WARN_UNUSED_FUNCTION = YES;
				GCC_WARN_UNUSED_VARIABLE = YES;
				IPHONEOS_DEPLOYMENT_TARGET = 13.0;
				MTL_ENABLE_DEBUG_INFO = INCLUDE_SOURCE;
				MTL_FAST_MATH = YES;
				ONLY_ACTIVE_ARCH = YES;
				SDKROOT = iphoneos;
				SWIFT_ACTIVE_COMPILATION_CONDITIONS = DEBUG;
				SWIFT_OPTIMIZATION_LEVEL = "-Onone";
			};
			name = Debug;
		};
		170999B424017B8100B5B613 /* Release */ = {
			isa = XCBuildConfiguration;
			buildSettings = {
				ALWAYS_SEARCH_USER_PATHS = NO;
				CLANG_ANALYZER_NONNULL = YES;
				CLANG_ANALYZER_NUMBER_OBJECT_CONVERSION = YES_AGGRESSIVE;
				CLANG_CXX_LANGUAGE_STANDARD = "gnu++14";
				CLANG_CXX_LIBRARY = "libc++";
				CLANG_ENABLE_MODULES = YES;
				CLANG_ENABLE_OBJC_ARC = YES;
				CLANG_ENABLE_OBJC_WEAK = YES;
				CLANG_WARN_BLOCK_CAPTURE_AUTORELEASING = YES;
				CLANG_WARN_BOOL_CONVERSION = YES;
				CLANG_WARN_COMMA = YES;
				CLANG_WARN_CONSTANT_CONVERSION = YES;
				CLANG_WARN_DEPRECATED_OBJC_IMPLEMENTATIONS = YES;
				CLANG_WARN_DIRECT_OBJC_ISA_USAGE = YES_ERROR;
				CLANG_WARN_DOCUMENTATION_COMMENTS = YES;
				CLANG_WARN_EMPTY_BODY = YES;
				CLANG_WARN_ENUM_CONVERSION = YES;
				CLANG_WARN_INFINITE_RECURSION = YES;
				CLANG_WARN_INT_CONVERSION = YES;
				CLANG_WARN_NON_LITERAL_NULL_CONVERSION = YES;
				CLANG_WARN_OBJC_IMPLICIT_RETAIN_SELF = YES;
				CLANG_WARN_OBJC_LITERAL_CONVERSION = YES;
				CLANG_WARN_OBJC_ROOT_CLASS = YES_ERROR;
				CLANG_WARN_RANGE_LOOP_ANALYSIS = YES;
				CLANG_WARN_STRICT_PROTOTYPES = YES;
				CLANG_WARN_SUSPICIOUS_MOVE = YES;
				CLANG_WARN_UNGUARDED_AVAILABILITY = YES_AGGRESSIVE;
				CLANG_WARN_UNREACHABLE_CODE = YES;
				CLANG_WARN__DUPLICATE_METHOD_MATCH = YES;
				COPY_PHASE_STRIP = NO;
				DEBUG_INFORMATION_FORMAT = "dwarf-with-dsym";
				ENABLE_NS_ASSERTIONS = NO;
				ENABLE_STRICT_OBJC_MSGSEND = YES;
				GCC_C_LANGUAGE_STANDARD = gnu11;
				GCC_NO_COMMON_BLOCKS = YES;
				GCC_WARN_64_TO_32_BIT_CONVERSION = YES;
				GCC_WARN_ABOUT_RETURN_TYPE = YES_ERROR;
				GCC_WARN_UNDECLARED_SELECTOR = YES;
				GCC_WARN_UNINITIALIZED_AUTOS = YES_AGGRESSIVE;
				GCC_WARN_UNUSED_FUNCTION = YES;
				GCC_WARN_UNUSED_VARIABLE = YES;
				IPHONEOS_DEPLOYMENT_TARGET = 13.0;
				MTL_ENABLE_DEBUG_INFO = NO;
				MTL_FAST_MATH = YES;
				SDKROOT = iphoneos;
				SWIFT_COMPILATION_MODE = wholemodule;
				SWIFT_OPTIMIZATION_LEVEL = "-O";
				VALIDATE_PRODUCT = YES;
			};
			name = Release;
		};
		170999B624017B8100B5B613 /* Debug */ = {
			isa = XCBuildConfiguration;
			baseConfigurationReference = 9BD53A449490A46B2F69A878 /* Pods-ExcerciseStarWars.debug.xcconfig */;
			buildSettings = {
				ASSETCATALOG_COMPILER_APPICON_NAME = AppIcon;
				CODE_SIGN_STYLE = Automatic;
				DEVELOPMENT_TEAM = 894JWD782N;
				INFOPLIST_FILE = ExcerciseStarWars/Resources/Info.plist;
				LD_RUNPATH_SEARCH_PATHS = (
					"$(inherited)",
					"@executable_path/Frameworks",
				);
				PRODUCT_BUNDLE_IDENTIFIER = com.IELA.ExcerciseStarWars;
				PRODUCT_NAME = "$(TARGET_NAME)";
				SWIFT_VERSION = 5.0;
				TARGETED_DEVICE_FAMILY = "1,2";
			};
			name = Debug;
		};
		170999B724017B8100B5B613 /* Release */ = {
			isa = XCBuildConfiguration;
			baseConfigurationReference = 63BCC4CABDE038DBA0ED0EF4 /* Pods-ExcerciseStarWars.release.xcconfig */;
			buildSettings = {
				ASSETCATALOG_COMPILER_APPICON_NAME = AppIcon;
				CODE_SIGN_STYLE = Automatic;
				DEVELOPMENT_TEAM = 894JWD782N;
				INFOPLIST_FILE = ExcerciseStarWars/Resources/Info.plist;
				LD_RUNPATH_SEARCH_PATHS = (
					"$(inherited)",
					"@executable_path/Frameworks",
				);
				PRODUCT_BUNDLE_IDENTIFIER = com.IELA.ExcerciseStarWars;
				PRODUCT_NAME = "$(TARGET_NAME)";
				SWIFT_VERSION = 5.0;
				TARGETED_DEVICE_FAMILY = "1,2";
			};
			name = Release;
		};
		170999B924017B8100B5B613 /* Debug */ = {
			isa = XCBuildConfiguration;
			baseConfigurationReference = A95485B61295C8EC92693CAC /* Pods-ExcerciseStarWarsTests.debug.xcconfig */;
			buildSettings = {
				ALWAYS_EMBED_SWIFT_STANDARD_LIBRARIES = YES;
				BUNDLE_LOADER = "$(TEST_HOST)";
				CODE_SIGN_STYLE = Automatic;
				DEVELOPMENT_TEAM = 894JWD782N;
				INFOPLIST_FILE = ExcerciseStarWarsTests/Info.plist;
				IPHONEOS_DEPLOYMENT_TARGET = 13.0;
				LD_RUNPATH_SEARCH_PATHS = (
					"$(inherited)",
					"@executable_path/Frameworks",
					"@loader_path/Frameworks",
				);
				PRODUCT_BUNDLE_IDENTIFIER = com.IELA.ExcerciseStarWarsTests;
				PRODUCT_NAME = "$(TARGET_NAME)";
				SWIFT_VERSION = 5.0;
				TARGETED_DEVICE_FAMILY = "1,2";
				TEST_HOST = "$(BUILT_PRODUCTS_DIR)/ExcerciseStarWars.app/ExcerciseStarWars";
			};
			name = Debug;
		};
		170999BA24017B8100B5B613 /* Release */ = {
			isa = XCBuildConfiguration;
			baseConfigurationReference = C7A2A69878BB75DCE04B5955 /* Pods-ExcerciseStarWarsTests.release.xcconfig */;
			buildSettings = {
				ALWAYS_EMBED_SWIFT_STANDARD_LIBRARIES = YES;
				BUNDLE_LOADER = "$(TEST_HOST)";
				CODE_SIGN_STYLE = Automatic;
				DEVELOPMENT_TEAM = 894JWD782N;
				INFOPLIST_FILE = ExcerciseStarWarsTests/Info.plist;
				IPHONEOS_DEPLOYMENT_TARGET = 13.0;
				LD_RUNPATH_SEARCH_PATHS = (
					"$(inherited)",
					"@executable_path/Frameworks",
					"@loader_path/Frameworks",
				);
				PRODUCT_BUNDLE_IDENTIFIER = com.IELA.ExcerciseStarWarsTests;
				PRODUCT_NAME = "$(TARGET_NAME)";
				SWIFT_VERSION = 5.0;
				TARGETED_DEVICE_FAMILY = "1,2";
				TEST_HOST = "$(BUILT_PRODUCTS_DIR)/ExcerciseStarWars.app/ExcerciseStarWars";
			};
			name = Release;
		};
/* End XCBuildConfiguration section */

/* Begin XCConfigurationList section */
		1709999124017B8100B5B613 /* Build configuration list for PBXProject "ExcerciseStarWars" */ = {
			isa = XCConfigurationList;
			buildConfigurations = (
				170999B324017B8100B5B613 /* Debug */,
				170999B424017B8100B5B613 /* Release */,
			);
			defaultConfigurationIsVisible = 0;
			defaultConfigurationName = Release;
		};
		170999B524017B8100B5B613 /* Build configuration list for PBXNativeTarget "ExcerciseStarWars" */ = {
			isa = XCConfigurationList;
			buildConfigurations = (
				170999B624017B8100B5B613 /* Debug */,
				170999B724017B8100B5B613 /* Release */,
			);
			defaultConfigurationIsVisible = 0;
			defaultConfigurationName = Release;
		};
		170999B824017B8100B5B613 /* Build configuration list for PBXNativeTarget "ExcerciseStarWarsTests" */ = {
			isa = XCConfigurationList;
			buildConfigurations = (
				170999B924017B8100B5B613 /* Debug */,
				170999BA24017B8100B5B613 /* Release */,
			);
			defaultConfigurationIsVisible = 0;
			defaultConfigurationName = Release;
		};
/* End XCConfigurationList section */
	};
	rootObject = 1709998E24017B8100B5B613 /* Project object */;
}
